
Microsoft Visual Studio Solution File, Format Version 12.00
# Visual Studio 15
VisualStudioVersion = 15.0.27130.2027
MinimumVisualStudioVersion = 10.0.40219.1
Project("{FAE04EC0-301F-11D3-BF4B-00C04F79EFBC}") = "CBTMWebApp2", "CBTMWebApp2\CBTMWebApp2.csproj", "{69D599F5-5186-4645-B1E6-7849AA417702}"
EndProject
Project("{FAE04EC0-301F-11D3-BF4B-00C04F79EFBC}") = "CBTMWebApp2.Tests", "CBTMWebApp2.Tests\CBTMWebApp2.Tests.csproj", "{7D80C8FF-26D9-416E-8880-A4EF741643BA}"
EndProject
Global
	GlobalSection(SolutionConfigurationPlatforms) = preSolution
		Debug|Any CPU = Debug|Any CPU
		Release|Any CPU = Release|Any CPU
	EndGlobalSection
	GlobalSection(ProjectConfigurationPlatforms) = postSolution
		{69D599F5-5186-4645-B1E6-7849AA417702}.Debug|Any CPU.ActiveCfg = Debug|Any CPU
		{69D599F5-5186-4645-B1E6-7849AA417702}.Debug|Any CPU.Build.0 = Debug|Any CPU
		{69D599F5-5186-4645-B1E6-7849AA417702}.Release|Any CPU.ActiveCfg = Release|Any CPU
		{69D599F5-5186-4645-B1E6-7849AA417702}.Release|Any CPU.Build.0 = Release|Any CPU
		{7D80C8FF-26D9-416E-8880-A4EF741643BA}.Debug|Any CPU.ActiveCfg = Debug|Any CPU
		{7D80C8FF-26D9-416E-8880-A4EF741643BA}.Debug|Any CPU.Build.0 = Debug|Any CPU
		{7D80C8FF-26D9-416E-8880-A4EF741643BA}.Release|Any CPU.ActiveCfg = Release|Any CPU
		{7D80C8FF-26D9-416E-8880-A4EF741643BA}.Release|Any CPU.Build.0 = Release|Any CPU
	EndGlobalSection
	GlobalSection(SolutionProperties) = preSolution
		HideSolutionNode = FALSE
	EndGlobalSection
	GlobalSection(ExtensibilityGlobals) = postSolution
		SolutionGuid = {D56C39E9-5A08-4675-851C-0FE1A3497D39}
	EndGlobalSection
EndGlobal
